// !$*UTF8*$!
{
	archiveVersion = 1;
	classes = {
	};
	objectVersion = 48;
	objects = {

/* Begin PBXBuildFile section */
		138CFCD32010B7F200E2AFF4 /* AppDelegate.swift in Sources */ = {isa = PBXBuildFile; fileRef = 138CFCD22010B7F200E2AFF4 /* AppDelegate.swift */; };
		138CFCD52010B7F200E2AFF4 /* ViewController.swift in Sources */ = {isa = PBXBuildFile; fileRef = 138CFCD42010B7F200E2AFF4 /* ViewController.swift */; };
		138CFCD82010B7F200E2AFF4 /* Main.storyboard in Resources */ = {isa = PBXBuildFile; fileRef = 138CFCD62010B7F200E2AFF4 /* Main.storyboard */; };
		138CFCDD2010B7F200E2AFF4 /* LaunchScreen.storyboard in Resources */ = {isa = PBXBuildFile; fileRef = 138CFCDB2010B7F200E2AFF4 /* LaunchScreen.storyboard */; };
		138CFCE52010B80300E2AFF4 /* TestController.swift in Sources */ = {isa = PBXBuildFile; fileRef = 138CFCE42010B80300E2AFF4 /* TestController.swift */; };
		138CFCE72010C21300E2AFF4 /* LICENSE in Resources */ = {isa = PBXBuildFile; fileRef = 138CFCE62010C21300E2AFF4 /* LICENSE */; };
		13E2F3712010D8B100388E6B /* FirstCocoaPod.podspec in Resources */ = {isa = PBXBuildFile; fileRef = 13E2F3702010D8B100388E6B /* FirstCocoaPod.podspec */; };
/* End PBXBuildFile section */

/* Begin PBXFileReference section */
		138CFCCF2010B7F200E2AFF4 /* FirstCocoaPod.app */ = {isa = PBXFileReference; explicitFileType = wrapper.application; includeInIndex = 0; path = FirstCocoaPod.app; sourceTree = BUILT_PRODUCTS_DIR; };
		138CFCD22010B7F200E2AFF4 /* AppDelegate.swift */ = {isa = PBXFileReference; lastKnownFileType = sourcecode.swift; path = AppDelegate.swift; sourceTree = "<group>"; };
		138CFCD42010B7F200E2AFF4 /* ViewController.swift */ = {isa = PBXFileReference; lastKnownFileType = sourcecode.swift; path = ViewController.swift; sourceTree = "<group>"; };
		138CFCD72010B7F200E2AFF4 /* Base */ = {isa = PBXFileReference; lastKnownFileType = file.storyboard; name = Base; path = Base.lproj/Main.storyboard; sourceTree = "<group>"; };
		138CFCDC2010B7F200E2AFF4 /* Base */ = {isa = PBXFileReference; lastKnownFileType = file.storyboard; name = Base; path = Base.lproj/LaunchScreen.storyboard; sourceTree = "<group>"; };
		138CFCDE2010B7F200E2AFF4 /* Info.plist */ = {isa = PBXFileReference; lastKnownFileType = text.plist.xml; path = Info.plist; sourceTree = "<group>"; };
		138CFCE42010B80300E2AFF4 /* TestController.swift */ = {isa = PBXFileReference; lastKnownFileType = sourcecode.swift; path = TestController.swift; sourceTree = "<group>"; };
		138CFCE62010C21300E2AFF4 /* LICENSE */ = {isa = PBXFileReference; lastKnownFileType = text; path = LICENSE; sourceTree = SOURCE_ROOT; };
		13E2F3702010D8B100388E6B /* FirstCocoaPod.podspec */ = {isa = PBXFileReference; fileEncoding = 4; lastKnownFileType = text; path = FirstCocoaPod.podspec; sourceTree = SOURCE_ROOT; };
/* End PBXFileReference section */

/* Begin PBXFrameworksBuildPhase section */
		138CFCCC2010B7F200E2AFF4 /* Frameworks */ = {
			isa = PBXFrameworksBuildPhase;
			buildActionMask = 2147483647;
			files = (
			);
			runOnlyForDeploymentPostprocessing = 0;
		};
/* End PBXFrameworksBuildPhase section */

/* Begin PBXGroup section */
		138CFCC62010B7F200E2AFF4 = {
			isa = PBXGroup;
			children = (
				138CFCD12010B7F200E2AFF4 /* FirstCocoaPod */,
				138CFCD02010B7F200E2AFF4 /* Products */,
			);
			sourceTree = "<group>";
		};
		138CFCD02010B7F200E2AFF4 /* Products */ = {
			isa = PBXGroup;
			children = (
				138CFCCF2010B7F200E2AFF4 /* FirstCocoaPod.app */,
			);
			name = Products;
			sourceTree = "<group>";
		};
		138CFCD12010B7F200E2AFF4 /* FirstCocoaPod */ = {
			isa = PBXGroup;
			children = (
				13E2F3702010D8B100388E6B /* FirstCocoaPod.podspec */,
				138CFCD22010B7F200E2AFF4 /* AppDelegate.swift */,
				138CFCD42010B7F200E2AFF4 /* ViewController.swift */,
				138CFCE42010B80300E2AFF4 /* TestController.swift */,
				138CFCD62010B7F200E2AFF4 /* Main.storyboard */,
				138CFCDB2010B7F200E2AFF4 /* LaunchScreen.storyboard */,
				138CFCDE2010B7F200E2AFF4 /* Info.plist */,
				138CFCE62010C21300E2AFF4 /* LICENSE */,
			);
			path = FirstCocoaPod;
			sourceTree = "<group>";
		};
/* End PBXGroup section */

/* Begin PBXNativeTarget section */
		138CFCCE2010B7F200E2AFF4 /* FirstCocoaPod */ = {
			isa = PBXNativeTarget;
			buildConfigurationList = 138CFCE12010B7F200E2AFF4 /* Build configuration list for PBXNativeTarget "FirstCocoaPod" */;
			buildPhases = (
				138CFCCB2010B7F200E2AFF4 /* Sources */,
				138CFCCC2010B7F200E2AFF4 /* Frameworks */,
				138CFCCD2010B7F200E2AFF4 /* Resources */,
			);
			buildRules = (
			);
			dependencies = (
			);
			name = FirstCocoaPod;
			productName = FirstCocoaPod;
			productReference = 138CFCCF2010B7F200E2AFF4 /* FirstCocoaPod.app */;
			productType = "com.apple.product-type.application";
		};
/* End PBXNativeTarget section */

/* Begin PBXProject section */
		138CFCC72010B7F200E2AFF4 /* Project object */ = {
			isa = PBXProject;
			attributes = {
				LastSwiftUpdateCheck = 0920;
				LastUpgradeCheck = 0920;
				ORGANIZATIONNAME = Trellisys;
				TargetAttributes = {
					138CFCCE2010B7F200E2AFF4 = {
						CreatedOnToolsVersion = 9.2;
						ProvisioningStyle = Automatic;
					};
				};
			};
			buildConfigurationList = 138CFCCA2010B7F200E2AFF4 /* Build configuration list for PBXProject "FirstCocoaPod" */;
			compatibilityVersion = "Xcode 8.0";
			developmentRegion = en;
			hasScannedForEncodings = 0;
			knownRegions = (
				en,
				Base,
			);
			mainGroup = 138CFCC62010B7F200E2AFF4;
			productRefGroup = 138CFCD02010B7F200E2AFF4 /* Products */;
			projectDirPath = "";
			projectRoot = "";
			targets = (
				138CFCCE2010B7F200E2AFF4 /* FirstCocoaPod */,
			);
		};
/* End PBXProject section */

/* Begin PBXResourcesBuildPhase section */
		138CFCCD2010B7F200E2AFF4 /* Resources */ = {
			isa = PBXResourcesBuildPhase;
			buildActionMask = 2147483647;
			files = (
				138CFCE72010C21300E2AFF4 /* LICENSE in Resources */,
				13E2F3712010D8B100388E6B /* FirstCocoaPod.podspec in Resources */,
				138CFCDD2010B7F200E2AFF4 /* LaunchScreen.storyboard in Resources */,
				138CFCD82010B7F200E2AFF4 /* Main.storyboard in Resources */,
			);
			runOnlyForDeploymentPostprocessing = 0;
		};
/* End PBXResourcesBuildPhase section */

/* Begin PBXSourcesBuildPhase section */
		138CFCCB2010B7F200E2AFF4 /* Sources */ = {
			isa = PBXSourcesBuildPhase;
			buildActionMask = 2147483647;
			files = (
				138CFCE52010B80300E2AFF4 /* TestController.swift in Sources */,
				138CFCD52010B7F200E2AFF4 /* ViewController.swift in Sources */,
				138CFCD32010B7F200E2AFF4 /* AppDelegate.swift in Sources */,
			);
			runOnlyForDeploymentPostprocessing = 0;
		};
/* End PBXSourcesBuildPhase section */

/* Begin PBXVariantGroup section */
		138CFCD62010B7F200E2AFF4 /* Main.storyboard */ = {
			isa = PBXVariantGroup;
			children = (
				138CFCD72010B7F200E2AFF4 /* Base */,
			);
			name = Main.storyboard;
			sourceTree = "<group>";
		};
		138CFCDB2010B7F200E2AFF4 /* LaunchScreen.storyboard */ = {
			isa = PBXVariantGroup;
			children = (
				138CFCDC2010B7F200E2AFF4 /* Base */,
			);
			name = LaunchScreen.storyboard;
			sourceTree = "<group>";
		};
/* End PBXVariantGroup section */

/* Begin XCBuildConfiguration section */
		138CFCDF2010B7F200E2AFF4 /* Debug */ = {
			isa = XCBuildConfiguration;
			buildSettings = {
				ALWAYS_SEARCH_USER_PATHS = NO;
				CLANG_ANALYZER_NONNULL = YES;
				CLANG_ANALYZER_NUMBER_OBJECT_CONVERSION = YES_AGGRESSIVE;
				CLANG_CXX_LANGUAGE_STANDARD = "gnu++14";
				CLANG_CXX_LIBRARY = "libc++";
				CLANG_ENABLE_MODULES = YES;
				CLANG_ENABLE_OBJC_ARC = YES;
				CLANG_WARN_BLOCK_CAPTURE_AUTORELEASING = YES;
				CLANG_WARN_BOOL_CONVERSION = YES;
				CLANG_WARN_COMMA = YES;
				CLANG_WARN_CONSTANT_CONVERSION = YES;
				CLANG_WARN_DIRECT_OBJC_ISA_USAGE = YES_ERROR;
				CLANG_WARN_DOCUMENTATION_COMMENTS = YES;
				CLANG_WARN_EMPTY_BODY = YES;
				CLANG_WARN_ENUM_CONVERSION = YES;
				CLANG_WARN_INFINITE_RECURSION = YES;
				CLANG_WARN_INT_CONVERSION = YES;
				CLANG_WARN_NON_LITERAL_NULL_CONVERSION = YES;
				CLANG_WARN_OBJC_LITERAL_CONVERSION = YES;
				CLANG_WARN_OBJC_ROOT_CLASS = YES_ERROR;
				CLANG_WARN_RANGE_LOOP_ANALYSIS = YES;
				CLANG_WARN_STRICT_PROTOTYPES = YES;
				CLANG_WARN_SUSPICIOUS_MOVE = YES;
				CLANG_WARN_UNGUARDED_AVAILABILITY = YES_AGGRESSIVE;
				CLANG_WARN_UNREACHABLE_CODE = YES;
				CLANG_WARN__DUPLICATE_METHOD_MATCH = YES;
				CODE_SIGN_IDENTITY = "iPhone Developer";
				COPY_PHASE_STRIP = NO;
				DEBUG_INFORMATION_FORMAT = dwarf;
				ENABLE_STRICT_OBJC_MSGSEND = YES;
				ENABLE_TESTABILITY = YES;
				GCC_C_LANGUAGE_STANDARD = gnu11;
				GCC_DYNAMIC_NO_PIC = NO;
				GCC_NO_COMMON_BLOCKS = YES;
				GCC_OPTIMIZATION_LEVEL = 0;
				GCC_PREPROCESSOR_DEFINITIONS = (
					"DEBUG=1",
					"$(inherited)",
				);
				GCC_WARN_64_TO_32_BIT_CONVERSION = YES;
				GCC_WARN_ABOUT_RETURN_TYPE = YES_ERROR;
				GCC_WARN_UNDECLARED_SELECTOR = YES;
				GCC_WARN_UNINITIALIZED_AUTOS = YES_AGGRESSIVE;
				GCC_WARN_UNUSED_FUNCTION = YES;
				GCC_WARN_UNUSED_VARIABLE = YES;
				IPHONEOS_DEPLOYMENT_TARGET = 11.2;
				MTL_ENABLE_DEBUG_INFO = YES;
				ONLY_ACTIVE_ARCH = YES;
				SDKROOT = iphoneos;
				SWIFT_ACTIVE_COMPILATION_CONDITIONS = DEBUG;
				SWIFT_OPTIMIZATION_LEVEL = "-Onone";
			};
			name = Debug;
		};
		138CFCE02010B7F200E2AFF4 /* Release */ = {
			isa = XCBuildConfiguration;
			buildSettings = {
				ALWAYS_SEARCH_USER_PATHS = NO;
				CLANG_ANALYZER_NONNULL = YES;
				CLANG_ANALYZER_NUMBER_OBJECT_CONVERSION = YES_AGGRESSIVE;
				CLANG_CXX_LANGUAGE_STANDARD = "gnu++14";
				CLANG_CXX_LIBRARY = "libc++";
				CLANG_ENABLE_MODULES = YES;
				CLANG_ENABLE_OBJC_ARC = YES;
				CLANG_WARN_BLOCK_CAPTURE_AUTORELEASING = YES;
				CLANG_WARN_BOOL_CONVERSION = YES;
				CLANG_WARN_COMMA = YES;
				CLANG_WARN_CONSTANT_CONVERSION = YES;
				CLANG_WARN_DIRECT_OBJC_ISA_USAGE = YES_ERROR;
				CLANG_WARN_DOCUMENTATION_COMMENTS = YES;
				CLANG_WARN_EMPTY_BODY = YES;
				CLANG_WARN_ENUM_CONVERSION = YES;
				CLANG_WARN_INFINITE_RECURSION = YES;
				CLANG_WARN_INT_CONVERSION = YES;
				CLANG_WARN_NON_LITERAL_NULL_CONVERSION = YES;
				CLANG_WARN_OBJC_LITERAL_CONVERSION = YES;
				CLANG_WARN_OBJC_ROOT_CLASS = YES_ERROR;
				CLANG_WARN_RANGE_LOOP_ANALYSIS = YES;
				CLANG_WARN_STRICT_PROTOTYPES = YES;
				CLANG_WARN_SUSPICIOUS_MOVE = YES;
				CLANG_WARN_UNGUARDED_AVAILABILITY = YES_AGGRESSIVE;
				CLANG_WARN_UNREACHABLE_CODE = YES;
				CLANG_WARN__DUPLICATE_METHOD_MATCH = YES;
				CODE_SIGN_IDENTITY = "iPhone Developer";
				COPY_PHASE_STRIP = NO;
				DEBUG_INFORMATION_FORMAT = "dwarf-with-dsym";
				ENABLE_NS_ASSERTIONS = NO;
				ENABLE_STRICT_OBJC_MSGSEND = YES;
				GCC_C_LANGUAGE_STANDARD = gnu11;
				GCC_NO_COMMON_BLOCKS = YES;
				GCC_WARN_64_TO_32_BIT_CONVERSION = YES;
				GCC_WARN_ABOUT_RETURN_TYPE = YES_ERROR;
				GCC_WARN_UNDECLARED_SELECTOR = YES;
				GCC_WARN_UNINITIALIZED_AUTOS = YES_AGGRESSIVE;
				GCC_WARN_UNUSED_FUNCTION = YES;
				GCC_WARN_UNUSED_VARIABLE = YES;
				IPHONEOS_DEPLOYMENT_TARGET = 11.2;
				MTL_ENABLE_DEBUG_INFO = NO;
				SDKROOT = iphoneos;
				SWIFT_OPTIMIZATION_LEVEL = "-Owholemodule";
				VALIDATE_PRODUCT = YES;
			};
			name = Release;
		};
		138CFCE22010B7F200E2AFF4 /* Debug */ = {
			isa = XCBuildConfiguration;
			buildSettings = {
				CODE_SIGN_STYLE = Automatic;
				INFOPLIST_FILE = FirstCocoaPod/Info.plist;
				IPHONEOS_DEPLOYMENT_TARGET = 10.0;
				LD_RUNPATH_SEARCH_PATHS = "$(inherited) @executable_path/Frameworks";
				PRODUCT_BUNDLE_IDENTIFIER = net.trellisys.Papyrus.FirstCocoaPod;
				PRODUCT_NAME = "$(TARGET_NAME)";
				SWIFT_VERSION = 4.0;
				TARGETED_DEVICE_FAMILY = "1,2";
			};
			name = Debug;
		};
		138CFCE32010B7F200E2AFF4 /* Release */ = {
			isa = XCBuildConfiguration;
			buildSettings = {
				CODE_SIGN_STYLE = Automatic;
				INFOPLIST_FILE = FirstCocoaPod/Info.plist;
				IPHONEOS_DEPLOYMENT_TARGET = 10.0;
				LD_RUNPATH_SEARCH_PATHS = "$(inherited) @executable_path/Frameworks";
				PRODUCT_BUNDLE_IDENTIFIER = net.trellisys.Papyrus.FirstCocoaPod;
				PRODUCT_NAME = "$(TARGET_NAME)";
				SWIFT_VERSION = 4.0;
				TARGETED_DEVICE_FAMILY = "1,2";
			};
			name = Release;
		};
/* End XCBuildConfiguration section */

/* Begin XCConfigurationList section */
		138CFCCA2010B7F200E2AFF4 /* Build configuration list for PBXProject "FirstCocoaPod" */ = {
			isa = XCConfigurationList;
			buildConfigurations = (
				138CFCDF2010B7F200E2AFF4 /* Debug */,
				138CFCE02010B7F200E2AFF4 /* Release */,
			);
			defaultConfigurationIsVisible = 0;
			defaultConfigurationName = Release;
		};
		138CFCE12010B7F200E2AFF4 /* Build configuration list for PBXNativeTarget "FirstCocoaPod" */ = {
			isa = XCConfigurationList;
			buildConfigurations = (
				138CFCE22010B7F200E2AFF4 /* Debug */,
				138CFCE32010B7F200E2AFF4 /* Release */,
			);
			defaultConfigurationIsVisible = 0;
			defaultConfigurationName = Release;
		};
/* End XCConfigurationList section */
	};
	rootObject = 138CFCC72010B7F200E2AFF4 /* Project object */;
}
